{
  "name": "@virtuoid/deck",
  "version": "1.0.0",
  "lockfileVersion": 2,
  "requires": true,
  "packages": {
    "": {
      "name": "@virtuoid/deck",
      "version": "1.0.0",
      "license": "MIT",
      "devDependencies": {
        "@virtuoid/card": "^1.0.0"
      }
    },
    "node_modules/@virtuoid/card": {
      "version": "1.0.0",
      "resolved": "https://registry.npmjs.org/@virtuoid/card/-/card-1.0.0.tgz",
      "integrity": "sha512-JzeShYheE6gm7UAZggygUQC8Ri1ooN2MiUHVyFqXImw9/uKI943+6LixRPPRflV9d5zDrQ/wZ3bijxvv1v7ufw==",
      "dev": true
    }
  },
  "dependencies": {
    "@virtuoid/card": {
      "version": "1.0.0",
      "resolved": "https://registry.npmjs.org/@virtuoid/card/-/card-1.0.0.tgz",
      "integrity": "sha512-JzeShYheE6gm7UAZggygUQC8Ri1ooN2MiUHVyFqXImw9/uKI943+6LixRPPRflV9d5zDrQ/wZ3bijxvv1v7ufw==",
      "dev": true
    }
  }
}
